// !$*UTF8*$!
{
	archiveVersion = 1;
	classes = {
	};
	objectVersion = 51;
	objects = {

/* Begin PBXBuildFile section */
		465E167022D2757600A31F0A /* LoginViewController.swift in Sources */ = {isa = PBXBuildFile; fileRef = 465E166F22D2757600A31F0A /* LoginViewController.swift */; };
		465E167222D279CB00A31F0A /* RegistroViewController.swift in Sources */ = {isa = PBXBuildFile; fileRef = 465E167122D279CB00A31F0A /* RegistroViewController.swift */; };
		465E167422D289A000A31F0A /* PerfilViewController.swift in Sources */ = {isa = PBXBuildFile; fileRef = 465E167322D289A000A31F0A /* PerfilViewController.swift */; };
		465E167622D293AA00A31F0A /* MapaViewController.swift in Sources */ = {isa = PBXBuildFile; fileRef = 465E167522D293AA00A31F0A /* MapaViewController.swift */; };
		465E167822D2969F00A31F0A /* EventosViewController.swift in Sources */ = {isa = PBXBuildFile; fileRef = 465E167722D2969F00A31F0A /* EventosViewController.swift */; };
		465E167F22D2982600A31F0A /* EventoModel.swift in Sources */ = {isa = PBXBuildFile; fileRef = 465E167E22D2982600A31F0A /* EventoModel.swift */; };
		465E168622D2C83800A31F0A /* EventTableViewCell.swift in Sources */ = {isa = PBXBuildFile; fileRef = 465E168522D2C83800A31F0A /* EventTableViewCell.swift */; };
		465E168822D2EB7A00A31F0A /* EventoViewController.swift in Sources */ = {isa = PBXBuildFile; fileRef = 465E168722D2EB7A00A31F0A /* EventoViewController.swift */; };
		46AB08EC22B4449900CFF331 /* AppDelegate.swift in Sources */ = {isa = PBXBuildFile; fileRef = 46AB08EB22B4449900CFF331 /* AppDelegate.swift */; };
		46AB08EE22B4449900CFF331 /* TomarFotoViewController.swift in Sources */ = {isa = PBXBuildFile; fileRef = 46AB08ED22B4449900CFF331 /* TomarFotoViewController.swift */; };
		46AB08F122B4449900CFF331 /* Main.storyboard in Resources */ = {isa = PBXBuildFile; fileRef = 46AB08EF22B4449900CFF331 /* Main.storyboard */; };
		46AB08F422B4449900CFF331 /* proyecto_final.xcdatamodeld in Sources */ = {isa = PBXBuildFile; fileRef = 46AB08F222B4449900CFF331 /* proyecto_final.xcdatamodeld */; };
		46AB08F622B4449E00CFF331 /* Assets.xcassets in Resources */ = {isa = PBXBuildFile; fileRef = 46AB08F522B4449E00CFF331 /* Assets.xcassets */; };
		46AB08F922B4449E00CFF331 /* LaunchScreen.storyboard in Resources */ = {isa = PBXBuildFile; fileRef = 46AB08F722B4449E00CFF331 /* LaunchScreen.storyboard */; };
		46AB090122B4477500CFF331 /* PhotoViewController.swift in Sources */ = {isa = PBXBuildFile; fileRef = 46AB090022B4477500CFF331 /* PhotoViewController.swift */; };
		78C18D2274E5DDF819C1F5FA /* Pods_proyecto_final.framework in Frameworks */ = {isa = PBXBuildFile; fileRef = D4A8C0637C9AF369CC5E3E5D /* Pods_proyecto_final.framework */; };
/* End PBXBuildFile section */

/* Begin PBXFileReference section */
		1F356343FC039A8320170386 /* Pods-proyecto-final.release.xcconfig */ = {isa = PBXFileReference; includeInIndex = 1; lastKnownFileType = text.xcconfig; name = "Pods-proyecto-final.release.xcconfig"; path = "Target Support Files/Pods-proyecto-final/Pods-proyecto-final.release.xcconfig"; sourceTree = "<group>"; };
		465E166F22D2757600A31F0A /* LoginViewController.swift */ = {isa = PBXFileReference; lastKnownFileType = sourcecode.swift; path = LoginViewController.swift; sourceTree = "<group>"; };
		465E167122D279CB00A31F0A /* RegistroViewController.swift */ = {isa = PBXFileReference; lastKnownFileType = sourcecode.swift; path = RegistroViewController.swift; sourceTree = "<group>"; };
		465E167322D289A000A31F0A /* PerfilViewController.swift */ = {isa = PBXFileReference; lastKnownFileType = sourcecode.swift; path = PerfilViewController.swift; sourceTree = "<group>"; };
		465E167522D293AA00A31F0A /* MapaViewController.swift */ = {isa = PBXFileReference; lastKnownFileType = sourcecode.swift; path = MapaViewController.swift; sourceTree = "<group>"; };
		465E167722D2969F00A31F0A /* EventosViewController.swift */ = {isa = PBXFileReference; lastKnownFileType = sourcecode.swift; path = EventosViewController.swift; sourceTree = "<group>"; };
		465E167E22D2982600A31F0A /* EventoModel.swift */ = {isa = PBXFileReference; lastKnownFileType = sourcecode.swift; path = EventoModel.swift; sourceTree = "<group>"; };
		465E168522D2C83800A31F0A /* EventTableViewCell.swift */ = {isa = PBXFileReference; lastKnownFileType = sourcecode.swift; path = EventTableViewCell.swift; sourceTree = "<group>"; };
		465E168722D2EB7A00A31F0A /* EventoViewController.swift */ = {isa = PBXFileReference; lastKnownFileType = sourcecode.swift; path = EventoViewController.swift; sourceTree = "<group>"; };
		469C9D7109EFA0223AC65114 /* Pods-proyecto-final.debug.xcconfig */ = {isa = PBXFileReference; includeInIndex = 1; lastKnownFileType = text.xcconfig; name = "Pods-proyecto-final.debug.xcconfig"; path = "Target Support Files/Pods-proyecto-final/Pods-proyecto-final.debug.xcconfig"; sourceTree = "<group>"; };
		46AB08E822B4449900CFF331 /* proyecto-final.app */ = {isa = PBXFileReference; explicitFileType = wrapper.application; includeInIndex = 0; path = "proyecto-final.app"; sourceTree = BUILT_PRODUCTS_DIR; };
		46AB08EB22B4449900CFF331 /* AppDelegate.swift */ = {isa = PBXFileReference; lastKnownFileType = sourcecode.swift; path = AppDelegate.swift; sourceTree = "<group>"; };
		46AB08ED22B4449900CFF331 /* TomarFotoViewController.swift */ = {isa = PBXFileReference; lastKnownFileType = sourcecode.swift; path = TomarFotoViewController.swift; sourceTree = "<group>"; };
		46AB08F022B4449900CFF331 /* Base */ = {isa = PBXFileReference; lastKnownFileType = file.storyboard; name = Base; path = Base.lproj/Main.storyboard; sourceTree = "<group>"; };
		46AB08F322B4449900CFF331 /* proyecto_final.xcdatamodel */ = {isa = PBXFileReference; lastKnownFileType = wrapper.xcdatamodel; path = proyecto_final.xcdatamodel; sourceTree = "<group>"; };
		46AB08F522B4449E00CFF331 /* Assets.xcassets */ = {isa = PBXFileReference; lastKnownFileType = folder.assetcatalog; path = Assets.xcassets; sourceTree = "<group>"; };
		46AB08F822B4449E00CFF331 /* Base */ = {isa = PBXFileReference; lastKnownFileType = file.storyboard; name = Base; path = Base.lproj/LaunchScreen.storyboard; sourceTree = "<group>"; };
		46AB08FA22B4449E00CFF331 /* Info.plist */ = {isa = PBXFileReference; lastKnownFileType = text.plist.xml; path = Info.plist; sourceTree = "<group>"; };
		46AB090022B4477500CFF331 /* PhotoViewController.swift */ = {isa = PBXFileReference; lastKnownFileType = sourcecode.swift; path = PhotoViewController.swift; sourceTree = "<group>"; };
		D4A8C0637C9AF369CC5E3E5D /* Pods_proyecto_final.framework */ = {isa = PBXFileReference; explicitFileType = wrapper.framework; includeInIndex = 0; path = Pods_proyecto_final.framework; sourceTree = BUILT_PRODUCTS_DIR; };
/* End PBXFileReference section */

/* Begin PBXFrameworksBuildPhase section */
		46AB08E522B4449900CFF331 /* Frameworks */ = {
			isa = PBXFrameworksBuildPhase;
			buildActionMask = 2147483647;
			files = (
				78C18D2274E5DDF819C1F5FA /* Pods_proyecto_final.framework in Frameworks */,
			);
			runOnlyForDeploymentPostprocessing = 0;
		};
/* End PBXFrameworksBuildPhase section */

/* Begin PBXGroup section */
		2C1A52DDA5D05E30BEDD5AC7 /* Frameworks */ = {
			isa = PBXGroup;
			children = (
				D4A8C0637C9AF369CC5E3E5D /* Pods_proyecto_final.framework */,
			);
			name = Frameworks;
			sourceTree = "<group>";
		};
		465E167D22D297FC00A31F0A /* Models */ = {
			isa = PBXGroup;
			children = (
				465E167E22D2982600A31F0A /* EventoModel.swift */,
			);
			path = Models;
			sourceTree = "<group>";
		};
		465E168022D2986700A31F0A /* UIModels */ = {
			isa = PBXGroup;
			children = (
				465E168522D2C83800A31F0A /* EventTableViewCell.swift */,
			);
			path = UIModels;
			sourceTree = "<group>";
		};
		46AB08DF22B4449800CFF331 = {
			isa = PBXGroup;
			children = (
				46AB08EA22B4449900CFF331 /* proyecto-final */,
				46AB08E922B4449900CFF331 /* Products */,
				C3BC9939BCCC71BF6A040174 /* Pods */,
				2C1A52DDA5D05E30BEDD5AC7 /* Frameworks */,
			);
			sourceTree = "<group>";
		};
		46AB08E922B4449900CFF331 /* Products */ = {
			isa = PBXGroup;
			children = (
				46AB08E822B4449900CFF331 /* proyecto-final.app */,
			);
			name = Products;
			sourceTree = "<group>";
		};
		46AB08EA22B4449900CFF331 /* proyecto-final */ = {
			isa = PBXGroup;
			children = (
				465E168022D2986700A31F0A /* UIModels */,
				465E167D22D297FC00A31F0A /* Models */,
				46AB08EB22B4449900CFF331 /* AppDelegate.swift */,
				46AB08ED22B4449900CFF331 /* TomarFotoViewController.swift */,
				46AB090022B4477500CFF331 /* PhotoViewController.swift */,
				46AB08EF22B4449900CFF331 /* Main.storyboard */,
				46AB08F522B4449E00CFF331 /* Assets.xcassets */,
				46AB08F722B4449E00CFF331 /* LaunchScreen.storyboard */,
				46AB08FA22B4449E00CFF331 /* Info.plist */,
				46AB08F222B4449900CFF331 /* proyecto_final.xcdatamodeld */,
				465E166F22D2757600A31F0A /* LoginViewController.swift */,
				465E167122D279CB00A31F0A /* RegistroViewController.swift */,
				465E167322D289A000A31F0A /* PerfilViewController.swift */,
				465E167522D293AA00A31F0A /* MapaViewController.swift */,
				465E167722D2969F00A31F0A /* EventosViewController.swift */,
				465E168722D2EB7A00A31F0A /* EventoViewController.swift */,
			);
			path = "proyecto-final";
			sourceTree = "<group>";
		};
		C3BC9939BCCC71BF6A040174 /* Pods */ = {
			isa = PBXGroup;
			children = (
				469C9D7109EFA0223AC65114 /* Pods-proyecto-final.debug.xcconfig */,
				1F356343FC039A8320170386 /* Pods-proyecto-final.release.xcconfig */,
			);
			path = Pods;
			sourceTree = "<group>";
		};
/* End PBXGroup section */

/* Begin PBXNativeTarget section */
		46AB08E722B4449900CFF331 /* proyecto-final */ = {
			isa = PBXNativeTarget;
			buildConfigurationList = 46AB08FD22B4449E00CFF331 /* Build configuration list for PBXNativeTarget "proyecto-final" */;
			buildPhases = (
				51006B5E773F9613397B75C3 /* [CP] Check Pods Manifest.lock */,
				46AB08E422B4449900CFF331 /* Sources */,
				46AB08E522B4449900CFF331 /* Frameworks */,
				46AB08E622B4449900CFF331 /* Resources */,
				272B29BBAD4E57C26278FD3B /* [CP] Embed Pods Frameworks */,
			);
			buildRules = (
			);
			dependencies = (
			);
			name = "proyecto-final";
			productName = "proyecto-final";
			productReference = 46AB08E822B4449900CFF331 /* proyecto-final.app */;
			productType = "com.apple.product-type.application";
		};
/* End PBXNativeTarget section */

/* Begin PBXProject section */
		46AB08E022B4449800CFF331 /* Project object */ = {
			isa = PBXProject;
			attributes = {
				LastSwiftUpdateCheck = 1020;
				LastUpgradeCheck = 1020;
				ORGANIZATIONNAME = "David Arroyo Sanchez";
				TargetAttributes = {
					46AB08E722B4449900CFF331 = {
						CreatedOnToolsVersion = 10.2.1;
					};
				};
			};
			buildConfigurationList = 46AB08E322B4449900CFF331 /* Build configuration list for PBXProject "proyecto-final" */;
			compatibilityVersion = "Xcode 9.3";
			developmentRegion = en;
			hasScannedForEncodings = 0;
			knownRegions = (
				en,
				Base,
			);
			mainGroup = 46AB08DF22B4449800CFF331;
			productRefGroup = 46AB08E922B4449900CFF331 /* Products */;
			projectDirPath = "";
			projectRoot = "";
			targets = (
				46AB08E722B4449900CFF331 /* proyecto-final */,
			);
		};
/* End PBXProject section */

/* Begin PBXResourcesBuildPhase section */
		46AB08E622B4449900CFF331 /* Resources */ = {
			isa = PBXResourcesBuildPhase;
			buildActionMask = 2147483647;
			files = (
				46AB08F922B4449E00CFF331 /* LaunchScreen.storyboard in Resources */,
				46AB08F622B4449E00CFF331 /* Assets.xcassets in Resources */,
				46AB08F122B4449900CFF331 /* Main.storyboard in Resources */,
			);
			runOnlyForDeploymentPostprocessing = 0;
		};
/* End PBXResourcesBuildPhase section */

/* Begin PBXShellScriptBuildPhase section */
		272B29BBAD4E57C26278FD3B /* [CP] Embed Pods Frameworks */ = {
			isa = PBXShellScriptBuildPhase;
			buildActionMask = 2147483647;
			files = (
			);
			inputFileListPaths = (
				"${PODS_ROOT}/Target Support Files/Pods-proyecto-final/Pods-proyecto-final-frameworks-${CONFIGURATION}-input-files.xcfilelist",
			);
			name = "[CP] Embed Pods Frameworks";
			outputFileListPaths = (
				"${PODS_ROOT}/Target Support Files/Pods-proyecto-final/Pods-proyecto-final-frameworks-${CONFIGURATION}-output-files.xcfilelist",
			);
			runOnlyForDeploymentPostprocessing = 0;
			shellPath = /bin/sh;
			shellScript = "\"${PODS_ROOT}/Target Support Files/Pods-proyecto-final/Pods-proyecto-final-frameworks.sh\"\n";
			showEnvVarsInLog = 0;
		};
		51006B5E773F9613397B75C3 /* [CP] Check Pods Manifest.lock */ = {
			isa = PBXShellScriptBuildPhase;
			buildActionMask = 2147483647;
			files = (
			);
			inputFileListPaths = (
			);
			inputPaths = (
				"${PODS_PODFILE_DIR_PATH}/Podfile.lock",
				"${PODS_ROOT}/Manifest.lock",
			);
			name = "[CP] Check Pods Manifest.lock";
			outputFileListPaths = (
			);
			outputPaths = (
				"$(DERIVED_FILE_DIR)/Pods-proyecto-final-checkManifestLockResult.txt",
			);
			runOnlyForDeploymentPostprocessing = 0;
			shellPath = /bin/sh;
			shellScript = "diff \"${PODS_PODFILE_DIR_PATH}/Podfile.lock\" \"${PODS_ROOT}/Manifest.lock\" > /dev/null\nif [ $? != 0 ] ; then\n    # print error to STDERR\n    echo \"error: The sandbox is not in sync with the Podfile.lock. Run 'pod install' or update your CocoaPods installation.\" >&2\n    exit 1\nfi\n# This output is used by Xcode 'outputs' to avoid re-running this script phase.\necho \"SUCCESS\" > \"${SCRIPT_OUTPUT_FILE_0}\"\n";
			showEnvVarsInLog = 0;
		};
/* End PBXShellScriptBuildPhase section */

/* Begin PBXSourcesBuildPhase section */
		46AB08E422B4449900CFF331 /* Sources */ = {
			isa = PBXSourcesBuildPhase;
			buildActionMask = 2147483647;
			files = (
				46AB08EE22B4449900CFF331 /* TomarFotoViewController.swift in Sources */,
				465E168622D2C83800A31F0A /* EventTableViewCell.swift in Sources */,
				465E167822D2969F00A31F0A /* EventosViewController.swift in Sources */,
				465E167622D293AA00A31F0A /* MapaViewController.swift in Sources */,
				465E167222D279CB00A31F0A /* RegistroViewController.swift in Sources */,
				465E168822D2EB7A00A31F0A /* EventoViewController.swift in Sources */,
				46AB090122B4477500CFF331 /* PhotoViewController.swift in Sources */,
				46AB08EC22B4449900CFF331 /* AppDelegate.swift in Sources */,
				465E167022D2757600A31F0A /* LoginViewController.swift in Sources */,
				465E167422D289A000A31F0A /* PerfilViewController.swift in Sources */,
				465E167F22D2982600A31F0A /* EventoModel.swift in Sources */,
				46AB08F422B4449900CFF331 /* proyecto_final.xcdatamodeld in Sources */,
			);
			runOnlyForDeploymentPostprocessing = 0;
		};
/* End PBXSourcesBuildPhase section */

/* Begin PBXVariantGroup section */
		46AB08EF22B4449900CFF331 /* Main.storyboard */ = {
			isa = PBXVariantGroup;
			children = (
				46AB08F022B4449900CFF331 /* Base */,
			);
			name = Main.storyboard;
			sourceTree = "<group>";
		};
		46AB08F722B4449E00CFF331 /* LaunchScreen.storyboard */ = {
			isa = PBXVariantGroup;
			children = (
				46AB08F822B4449E00CFF331 /* Base */,
			);
			name = LaunchScreen.storyboard;
			sourceTree = "<group>";
		};
/* End PBXVariantGroup section */

/* Begin XCBuildConfiguration section */
		46AB08FB22B4449E00CFF331 /* Debug */ = {
			isa = XCBuildConfiguration;
			buildSettings = {
				ALWAYS_SEARCH_USER_PATHS = NO;
				CLANG_ANALYZER_NONNULL = YES;
				CLANG_ANALYZER_NUMBER_OBJECT_CONVERSION = YES_AGGRESSIVE;
				CLANG_CXX_LANGUAGE_STANDARD = "gnu++14";
				CLANG_CXX_LIBRARY = "libc++";
				CLANG_ENABLE_MODULES = YES;
				CLANG_ENABLE_OBJC_ARC = YES;
				CLANG_ENABLE_OBJC_WEAK = YES;
				CLANG_WARN_BLOCK_CAPTURE_AUTORELEASING = YES;
				CLANG_WARN_BOOL_CONVERSION = YES;
				CLANG_WARN_COMMA = YES;
				CLANG_WARN_CONSTANT_CONVERSION = YES;
				CLANG_WARN_DEPRECATED_OBJC_IMPLEMENTATIONS = YES;
				CLANG_WARN_DIRECT_OBJC_ISA_USAGE = YES_ERROR;
				CLANG_WARN_DOCUMENTATION_COMMENTS = YES;
				CLANG_WARN_EMPTY_BODY = YES;
				CLANG_WARN_ENUM_CONVERSION = YES;
				CLANG_WARN_INFINITE_RECURSION = YES;
				CLANG_WARN_INT_CONVERSION = YES;
				CLANG_WARN_NON_LITERAL_NULL_CONVERSION = YES;
				CLANG_WARN_OBJC_IMPLICIT_RETAIN_SELF = YES;
				CLANG_WARN_OBJC_LITERAL_CONVERSION = YES;
				CLANG_WARN_OBJC_ROOT_CLASS = YES_ERROR;
				CLANG_WARN_RANGE_LOOP_ANALYSIS = YES;
				CLANG_WARN_STRICT_PROTOTYPES = YES;
				CLANG_WARN_SUSPICIOUS_MOVE = YES;
				CLANG_WARN_UNGUARDED_AVAILABILITY = YES_AGGRESSIVE;
				CLANG_WARN_UNREACHABLE_CODE = YES;
				CLANG_WARN__DUPLICATE_METHOD_MATCH = YES;
				CODE_SIGN_IDENTITY = "iPhone Developer";
				COPY_PHASE_STRIP = NO;
				DEBUG_INFORMATION_FORMAT = dwarf;
				ENABLE_STRICT_OBJC_MSGSEND = YES;
				ENABLE_TESTABILITY = YES;
				GCC_C_LANGUAGE_STANDARD = gnu11;
				GCC_DYNAMIC_NO_PIC = NO;
				GCC_NO_COMMON_BLOCKS = YES;
				GCC_OPTIMIZATION_LEVEL = 0;
				GCC_PREPROCESSOR_DEFINITIONS = (
					"DEBUG=1",
					"$(inherited)",
				);
				GCC_WARN_64_TO_32_BIT_CONVERSION = YES;
				GCC_WARN_ABOUT_RETURN_TYPE = YES_ERROR;
				GCC_WARN_UNDECLARED_SELECTOR = YES;
				GCC_WARN_UNINITIALIZED_AUTOS = YES_AGGRESSIVE;
				GCC_WARN_UNUSED_FUNCTION = YES;
				GCC_WARN_UNUSED_VARIABLE = YES;
				IPHONEOS_DEPLOYMENT_TARGET = 12.2;
				MTL_ENABLE_DEBUG_INFO = INCLUDE_SOURCE;
				MTL_FAST_MATH = YES;
				ONLY_ACTIVE_ARCH = YES;
				SDKROOT = iphoneos;
				SWIFT_ACTIVE_COMPILATION_CONDITIONS = DEBUG;
				SWIFT_OPTIMIZATION_LEVEL = "-Onone";
			};
			name = Debug;
		};
		46AB08FC22B4449E00CFF331 /* Release */ = {
			isa = XCBuildConfiguration;
			buildSettings = {
				ALWAYS_SEARCH_USER_PATHS = NO;
				CLANG_ANALYZER_NONNULL = YES;
				CLANG_ANALYZER_NUMBER_OBJECT_CONVERSION = YES_AGGRESSIVE;
				CLANG_CXX_LANGUAGE_STANDARD = "gnu++14";
				CLANG_CXX_LIBRARY = "libc++";
				CLANG_ENABLE_MODULES = YES;
				CLANG_ENABLE_OBJC_ARC = YES;
				CLANG_ENABLE_OBJC_WEAK = YES;
				CLANG_WARN_BLOCK_CAPTURE_AUTORELEASING = YES;
				CLANG_WARN_BOOL_CONVERSION = YES;
				CLANG_WARN_COMMA = YES;
				CLANG_WARN_CONSTANT_CONVERSION = YES;
				CLANG_WARN_DEPRECATED_OBJC_IMPLEMENTATIONS = YES;
				CLANG_WARN_DIRECT_OBJC_ISA_USAGE = YES_ERROR;
				CLANG_WARN_DOCUMENTATION_COMMENTS = YES;
				CLANG_WARN_EMPTY_BODY = YES;
				CLANG_WARN_ENUM_CONVERSION = YES;
				CLANG_WARN_INFINITE_RECURSION = YES;
				CLANG_WARN_INT_CONVERSION = YES;
				CLANG_WARN_NON_LITERAL_NULL_CONVERSION = YES;
				CLANG_WARN_OBJC_IMPLICIT_RETAIN_SELF = YES;
				CLANG_WARN_OBJC_LITERAL_CONVERSION = YES;
				CLANG_WARN_OBJC_ROOT_CLASS = YES_ERROR;
				CLANG_WARN_RANGE_LOOP_ANALYSIS = YES;
				CLANG_WARN_STRICT_PROTOTYPES = YES;
				CLANG_WARN_SUSPICIOUS_MOVE = YES;
				CLANG_WARN_UNGUARDED_AVAILABILITY = YES_AGGRESSIVE;
				CLANG_WARN_UNREACHABLE_CODE = YES;
				CLANG_WARN__DUPLICATE_METHOD_MATCH = YES;
				CODE_SIGN_IDENTITY = "iPhone Developer";
				COPY_PHASE_STRIP = NO;
				DEBUG_INFORMATION_FORMAT = "dwarf-with-dsym";
				ENABLE_NS_ASSERTIONS = NO;
				ENABLE_STRICT_OBJC_MSGSEND = YES;
				GCC_C_LANGUAGE_STANDARD = gnu11;
				GCC_NO_COMMON_BLOCKS = YES;
				GCC_WARN_64_TO_32_BIT_CONVERSION = YES;
				GCC_WARN_ABOUT_RETURN_TYPE = YES_ERROR;
				GCC_WARN_UNDECLARED_SELECTOR = YES;
				GCC_WARN_UNINITIALIZED_AUTOS = YES_AGGRESSIVE;
				GCC_WARN_UNUSED_FUNCTION = YES;
				GCC_WARN_UNUSED_VARIABLE = YES;
				IPHONEOS_DEPLOYMENT_TARGET = 12.2;
				MTL_ENABLE_DEBUG_INFO = NO;
				MTL_FAST_MATH = YES;
				SDKROOT = iphoneos;
				SWIFT_COMPILATION_MODE = wholemodule;
				SWIFT_OPTIMIZATION_LEVEL = "-O";
				VALIDATE_PRODUCT = YES;
			};
			name = Release;
		};
		46AB08FE22B4449E00CFF331 /* Debug */ = {
			isa = XCBuildConfiguration;
			baseConfigurationReference = 469C9D7109EFA0223AC65114 /* Pods-proyecto-final.debug.xcconfig */;
			buildSettings = {
				ASSETCATALOG_COMPILER_APPICON_NAME = AppIcon;
				CODE_SIGN_STYLE = Automatic;
				DEVELOPMENT_TEAM = J5YZWEQU5R;
				INFOPLIST_FILE = "proyecto-final/Info.plist";
				LD_RUNPATH_SEARCH_PATHS = (
					"$(inherited)",
					"@executable_path/Frameworks",
				);
				PRODUCT_BUNDLE_IDENTIFIER = "com.desarroyo.proyecto-final";
				PRODUCT_NAME = "$(TARGET_NAME)";
				SWIFT_VERSION = 5.0;
				TARGETED_DEVICE_FAMILY = "1,2";
			};
			name = Debug;
		};
		46AB08FF22B4449E00CFF331 /* Release */ = {
			isa = XCBuildConfiguration;
			baseConfigurationReference = 1F356343FC039A8320170386 /* Pods-proyecto-final.release.xcconfig */;
			buildSettings = {
				ASSETCATALOG_COMPILER_APPICON_NAME = AppIcon;
				CODE_SIGN_STYLE = Automatic;
				DEVELOPMENT_TEAM = J5YZWEQU5R;
				INFOPLIST_FILE = "proyecto-final/Info.plist";
				LD_RUNPATH_SEARCH_PATHS = (
					"$(inherited)",
					"@executable_path/Frameworks",
				);
				PRODUCT_BUNDLE_IDENTIFIER = "com.desarroyo.proyecto-final";
				PRODUCT_NAME = "$(TARGET_NAME)";
				SWIFT_VERSION = 5.0;
				TARGETED_DEVICE_FAMILY = "1,2";
			};
			name = Release;
		};
/* End XCBuildConfiguration section */

/* Begin XCConfigurationList section */
		46AB08E322B4449900CFF331 /* Build configuration list for PBXProject "proyecto-final" */ = {
			isa = XCConfigurationList;
			buildConfigurations = (
				46AB08FB22B4449E00CFF331 /* Debug */,
				46AB08FC22B4449E00CFF331 /* Release */,
			);
			defaultConfigurationIsVisible = 0;
			defaultConfigurationName = Release;
		};
		46AB08FD22B4449E00CFF331 /* Build configuration list for PBXNativeTarget "proyecto-final" */ = {
			isa = XCConfigurationList;
			buildConfigurations = (
				46AB08FE22B4449E00CFF331 /* Debug */,
				46AB08FF22B4449E00CFF331 /* Release */,
			);
			defaultConfigurationIsVisible = 0;
			defaultConfigurationName = Release;
		};
/* End XCConfigurationList section */

/* Begin XCVersionGroup section */
		46AB08F222B4449900CFF331 /* proyecto_final.xcdatamodeld */ = {
			isa = XCVersionGroup;
			children = (
				46AB08F322B4449900CFF331 /* proyecto_final.xcdatamodel */,
			);
			currentVersion = 46AB08F322B4449900CFF331 /* proyecto_final.xcdatamodel */;
			path = proyecto_final.xcdatamodeld;
			sourceTree = "<group>";
			versionGroupType = wrapper.xcdatamodel;
		};
/* End XCVersionGroup section */
	};
	rootObject = 46AB08E022B4449800CFF331 /* Project object */;
}
